apiVersion: v1
kind: ConfigMap
metadata:
  annotations:
    control-plane.alpha.kubernetes.io/leader: '{"holderIdentity":"","leaseDurationSeconds":1,"acquireTime":"2023-03-09T14:23:19Z","renewTime":"2023-03-09T14:23:19Z","leaderTransitions":0}'
  creationTimestamp: "2023-03-09T14:22:00Z"
  managedFields:
  - apiVersion: v1
    fieldsType: FieldsV1
    fieldsV1:
      f:metadata:
        f:annotations:
          .: {}
          f:control-plane.alpha.kubernetes.io/leader: {}
    manager: cluster-openshift-controller-manager-operator
    operation: Update
    time: "2023-03-09T14:23:19Z"
  name: openshift-controller-manager-operator-lock
  namespace: openshift-controller-manager-operator
  resourceVersion: "6887"
  uid: 7c05eedf-60b7-41b6-84e6-f95de476abd7
