apiVersion: v1
kind: ConfigMap
metadata:
  annotations:
    control-plane.alpha.kubernetes.io/leader: '{"holderIdentity":"","leaseDurationSeconds":1,"acquireTime":"2023-03-09T14:38:08Z","renewTime":"2023-03-09T14:38:08Z","leaderTransitions":1}'
  creationTimestamp: "2023-03-09T14:30:16Z"
  managedFields:
  - apiVersion: v1
    fieldsType: FieldsV1
    fieldsV1:
      f:metadata:
        f:annotations:
          .: {}
          f:control-plane.alpha.kubernetes.io/leader: {}
    manager: cluster-policy-controller
    operation: Update
    time: "2023-03-09T14:38:08Z"
  name: cluster-policy-controller-lock
  namespace: openshift-kube-controller-manager
  resourceVersion: "17646"
  uid: f3b0be50-a9b9-4627-a0cf-177271e4ea0c
