apiVersion: v1
kind: ConfigMap
metadata:
  annotations:
    control-plane.alpha.kubernetes.io/leader: '{"holderIdentity":"marketplace-operator-674cf84489-dbxgt","leaseDurationSeconds":90,"acquireTime":"2023-03-09T14:22:13Z","renewTime":"2023-03-09T14:32:18Z","leaderTransitions":0}'
  creationTimestamp: "2023-03-09T14:22:13Z"
  managedFields:
  - apiVersion: v1
    fieldsType: FieldsV1
    fieldsV1:
      f:metadata:
        f:annotations:
          .: {}
          f:control-plane.alpha.kubernetes.io/leader: {}
    manager: marketplace-operator
    operation: Update
    time: "2023-03-09T14:32:18Z"
  name: marketplace-operator-lock
  namespace: openshift-marketplace
  resourceVersion: "14965"
  uid: edaea930-0a3b-4fa9-958c-680830cdcb48
