apiVersion: v1
kind: ConfigMap
metadata:
  annotations:
    control-plane.alpha.kubernetes.io/leader: '{"holderIdentity":"service-ca-854874ddf4-mkndq_8add9610-df6e-421e-8eec-46a05b5c6589","leaseDurationSeconds":270,"acquireTime":"2023-03-09T14:22:04Z","renewTime":"2023-03-09T14:22:04Z","leaderTransitions":0}'
  creationTimestamp: "2023-03-09T14:22:04Z"
  managedFields:
  - apiVersion: v1
    fieldsType: FieldsV1
    fieldsV1:
      f:metadata:
        f:annotations:
          .: {}
          f:control-plane.alpha.kubernetes.io/leader: {}
    manager: service-ca-operator
    operation: Update
    time: "2023-03-09T14:22:04Z"
  name: service-ca-controller-lock
  namespace: openshift-service-ca
  resourceVersion: "4009"
  uid: e56b32d1-8b86-4cb5-8689-227fe73bde3f
