apiVersion: v1
kind: ConfigMap
metadata:
  annotations:
    control-plane.alpha.kubernetes.io/leader: '{"holderIdentity":"openshift-kube-scheduler-operator-7cc5d8f59f-r7c2z_9953c5d9-a8e3-4949-a512-8fbd89a40e8e","leaseDurationSeconds":270,"acquireTime":"2023-03-09T14:21:59Z","renewTime":"2023-03-09T14:21:59Z","leaderTransitions":0}'
  creationTimestamp: "2023-03-09T14:21:59Z"
  managedFields:
  - apiVersion: v1
    fieldsType: FieldsV1
    fieldsV1:
      f:metadata:
        f:annotations:
          .: {}
          f:control-plane.alpha.kubernetes.io/leader: {}
    manager: cluster-kube-scheduler-operator
    operation: Update
    time: "2023-03-09T14:21:59Z"
  name: openshift-cluster-kube-scheduler-operator-lock
  namespace: openshift-kube-scheduler-operator
  resourceVersion: "3404"
  uid: bff6dd85-8d61-411b-9f61-3c9e511cef2e
