apiVersion: v1
kind: ConfigMap
metadata:
  annotations:
    control-plane.alpha.kubernetes.io/leader: '{"holderIdentity":"","leaseDurationSeconds":1,"acquireTime":"2023-03-09T14:23:14Z","renewTime":"2023-03-09T14:23:14Z","leaderTransitions":0}'
  creationTimestamp: "2023-03-09T14:22:00Z"
  managedFields:
  - apiVersion: v1
    fieldsType: FieldsV1
    fieldsV1:
      f:metadata:
        f:annotations:
          .: {}
          f:control-plane.alpha.kubernetes.io/leader: {}
    manager: cluster-openshift-apiserver-operator
    operation: Update
    time: "2023-03-09T14:23:14Z"
  name: openshift-apiserver-operator-lock
  namespace: openshift-apiserver-operator
  resourceVersion: "6713"
  uid: 4b528666-b63a-42c5-af9e-6c0f9d87a355
