apiVersion: v1
kind: ConfigMap
metadata:
  annotations:
    control-plane.alpha.kubernetes.io/leader: '{"holderIdentity":"kube-apiserver-operator-6d77968c5-8rckr_1aaba359-9ff3-42e9-950c-2fb50d7a4978","leaseDurationSeconds":270,"acquireTime":"2023-03-09T14:28:53Z","renewTime":"2023-03-09T14:35:53Z","leaderTransitions":0}'
  creationTimestamp: "2023-03-09T14:28:53Z"
  managedFields:
  - apiVersion: v1
    fieldsType: FieldsV1
    fieldsV1:
      f:metadata:
        f:annotations:
          .: {}
          f:control-plane.alpha.kubernetes.io/leader: {}
    manager: cluster-kube-apiserver-operator
    operation: Update
    time: "2023-03-09T14:35:53Z"
  name: kube-apiserver-operator-lock
  namespace: openshift-kube-apiserver-operator
  resourceVersion: "17243"
  uid: bdbf5487-157e-40e4-8458-739812e59d3d
