apiVersion: v1
kind: ConfigMap
metadata:
  annotations:
    control-plane.alpha.kubernetes.io/leader: '{"holderIdentity":"authentication-operator-5d5d777b7f-n2nh5_451eb4d4-66a2-4fa9-af68-8e73ca28c824","leaseDurationSeconds":270,"acquireTime":"2023-03-09T14:24:40Z","renewTime":"2023-03-09T14:31:20Z","leaderTransitions":1}'
  creationTimestamp: "2023-03-09T14:21:59Z"
  managedFields:
  - apiVersion: v1
    fieldsType: FieldsV1
    fieldsV1:
      f:metadata:
        f:annotations:
          .: {}
          f:control-plane.alpha.kubernetes.io/leader: {}
    manager: authentication-operator
    operation: Update
    time: "2023-03-09T14:31:20Z"
  name: cluster-authentication-operator-lock
  namespace: openshift-authentication-operator
  resourceVersion: "12304"
  uid: 9a3dd764-bd22-42dd-ba35-2bfc95cfe5bf
