apiVersion: v1
kind: ConfigMap
metadata:
  annotations:
    control-plane.alpha.kubernetes.io/leader: '{"holderIdentity":"vrutkovs-sno_4d9d60d4-07ba-4bb6-b614-db85b0cb267c","leaseDurationSeconds":137,"acquireTime":"2023-03-09T14:32:14Z","renewTime":"2023-03-09T14:38:19Z","leaderTransitions":0}'
  creationTimestamp: "2023-03-09T14:32:14Z"
  managedFields:
  - apiVersion: v1
    fieldsType: FieldsV1
    fieldsV1:
      f:metadata:
        f:annotations:
          .: {}
          f:control-plane.alpha.kubernetes.io/leader: {}
    manager: cluster-kube-scheduler-operator
    operation: Update
    time: "2023-03-09T14:38:19Z"
  name: cert-recovery-controller-lock
  namespace: openshift-kube-scheduler
  resourceVersion: "17678"
  uid: 7d785f70-42ff-4505-86d2-99f30d3ca432
