apiVersion: v1
kind: ConfigMap
metadata:
  annotations:
    control-plane.alpha.kubernetes.io/leader: '{"holderIdentity":"vrutkovs-sno_5fd70afc-cd07-4d1d-b49d-24f07063c499","leaseDurationSeconds":270,"acquireTime":"2023-03-09T14:20:15Z","renewTime":"2023-03-09T14:20:15Z","leaderTransitions":0}'
  creationTimestamp: "2023-03-09T14:20:15Z"
  managedFields:
  - apiVersion: v1
    fieldsType: FieldsV1
    fieldsV1:
      f:metadata:
        f:annotations:
          .: {}
          f:control-plane.alpha.kubernetes.io/leader: {}
    manager: cluster-network-operator
    operation: Update
    time: "2023-03-09T14:20:15Z"
  name: network-operator-lock
  namespace: openshift-network-operator
  resourceVersion: "2463"
  uid: b9820af1-f144-43f6-9738-68afe147a0c9
