apiVersion: v1
kind: ConfigMap
metadata:
  annotations:
    control-plane.alpha.kubernetes.io/leader: '{"holderIdentity":"","leaseDurationSeconds":1,"acquireTime":"2023-03-09T14:23:09Z","renewTime":"2023-03-09T14:23:09Z","leaderTransitions":0}'
  creationTimestamp: "2023-03-09T14:22:00Z"
  managedFields:
  - apiVersion: v1
    fieldsType: FieldsV1
    fieldsV1:
      f:metadata:
        f:annotations:
          .: {}
          f:control-plane.alpha.kubernetes.io/leader: {}
    manager: service-ca-operator
    operation: Update
    time: "2023-03-09T14:23:09Z"
  name: service-ca-operator-lock
  namespace: openshift-service-ca-operator
  resourceVersion: "6458"
  uid: d49f971b-1502-497a-8913-50daf92f4dd2
