apiVersion: v1
kind: ConfigMap
metadata:
  annotations:
    control-plane.alpha.kubernetes.io/leader: '{"holderIdentity":"service-ca-operator-5b79975495-r96qd_59c021b1-5cbb-4408-9d6a-53b248badee9","leaseDurationSeconds":270,"acquireTime":"2023-03-09T14:22:00Z","renewTime":"2023-03-09T14:22:00Z","leaderTransitions":0}'
  creationTimestamp: "2023-03-09T14:22:00Z"
  managedFields:
  - apiVersion: v1
    fieldsType: FieldsV1
    fieldsV1:
      f:metadata:
        f:annotations:
          .: {}
          f:control-plane.alpha.kubernetes.io/leader: {}
    manager: service-ca-operator
    operation: Update
    time: "2023-03-09T14:22:00Z"
  name: service-ca-operator-lock
  namespace: openshift-service-ca-operator
  resourceVersion: "3593"
  uid: d49f971b-1502-497a-8913-50daf92f4dd2
